// !$*UTF8*$!
{
	archiveVersion = 1;
	classes = {
	};
	objectVersion = 50;
	objects = {

/* Begin PBXBuildFile section */
		3A71C0F32647138B00D4CC64 /* ProductScrollExampleApp.swift in Sources */ = {isa = PBXBuildFile; fileRef = 3A71C0F22647138B00D4CC64 /* ProductScrollExampleApp.swift */; };
		3A71C0F52647138B00D4CC64 /* ContentView.swift in Sources */ = {isa = PBXBuildFile; fileRef = 3A71C0F42647138B00D4CC64 /* ContentView.swift */; };
		3A71C0F72647138C00D4CC64 /* Assets.xcassets in Resources */ = {isa = PBXBuildFile; fileRef = 3A71C0F62647138C00D4CC64 /* Assets.xcassets */; };
		3A71C0FA2647138C00D4CC64 /* Preview Assets.xcassets in Resources */ = {isa = PBXBuildFile; fileRef = 3A71C0F92647138C00D4CC64 /* Preview Assets.xcassets */; };
		3A71C1052647138C00D4CC64 /* ProductScrollExampleTests.swift in Sources */ = {isa = PBXBuildFile; fileRef = 3A71C1042647138C00D4CC64 /* ProductScrollExampleTests.swift */; };
		3A71C1102647138C00D4CC64 /* ProductScrollExampleUITests.swift in Sources */ = {isa = PBXBuildFile; fileRef = 3A71C10F2647138C00D4CC64 /* ProductScrollExampleUITests.swift */; };
		3A71C11E26471D6000D4CC64 /* ProductScroll.swift in Sources */ = {isa = PBXBuildFile; fileRef = 3A71C11D26471D6000D4CC64 /* ProductScroll.swift */; };
		3A71C1242647488E00D4CC64 /* ProductScrollItem.swift in Sources */ = {isa = PBXBuildFile; fileRef = 3A71C1232647488E00D4CC64 /* ProductScrollItem.swift */; };
/* End PBXBuildFile section */

/* Begin PBXContainerItemProxy section */
		3A71C1012647138C00D4CC64 /* PBXContainerItemProxy */ = {
			isa = PBXContainerItemProxy;
			containerPortal = 3A71C0E72647138B00D4CC64 /* Project object */;
			proxyType = 1;
			remoteGlobalIDString = 3A71C0EE2647138B00D4CC64;
			remoteInfo = ProductScrollExample;
		};
		3A71C10C2647138C00D4CC64 /* PBXContainerItemProxy */ = {
			isa = PBXContainerItemProxy;
			containerPortal = 3A71C0E72647138B00D4CC64 /* Project object */;
			proxyType = 1;
			remoteGlobalIDString = 3A71C0EE2647138B00D4CC64;
			remoteInfo = ProductScrollExample;
		};
/* End PBXContainerItemProxy section */

/* Begin PBXFileReference section */
		3A71C0EF2647138B00D4CC64 /* ProductScrollExample.app */ = {isa = PBXFileReference; explicitFileType = wrapper.application; includeInIndex = 0; path = ProductScrollExample.app; sourceTree = BUILT_PRODUCTS_DIR; };
		3A71C0F22647138B00D4CC64 /* ProductScrollExampleApp.swift */ = {isa = PBXFileReference; lastKnownFileType = sourcecode.swift; path = ProductScrollExampleApp.swift; sourceTree = "<group>"; };
		3A71C0F42647138B00D4CC64 /* ContentView.swift */ = {isa = PBXFileReference; lastKnownFileType = sourcecode.swift; path = ContentView.swift; sourceTree = "<group>"; };
		3A71C0F62647138C00D4CC64 /* Assets.xcassets */ = {isa = PBXFileReference; lastKnownFileType = folder.assetcatalog; path = Assets.xcassets; sourceTree = "<group>"; };
		3A71C0F92647138C00D4CC64 /* Preview Assets.xcassets */ = {isa = PBXFileReference; lastKnownFileType = folder.assetcatalog; path = "Preview Assets.xcassets"; sourceTree = "<group>"; };
		3A71C0FB2647138C00D4CC64 /* Info.plist */ = {isa = PBXFileReference; lastKnownFileType = text.plist.xml; path = Info.plist; sourceTree = "<group>"; };
		3A71C1002647138C00D4CC64 /* ProductScrollExampleTests.xctest */ = {isa = PBXFileReference; explicitFileType = wrapper.cfbundle; includeInIndex = 0; path = ProductScrollExampleTests.xctest; sourceTree = BUILT_PRODUCTS_DIR; };
		3A71C1042647138C00D4CC64 /* ProductScrollExampleTests.swift */ = {isa = PBXFileReference; lastKnownFileType = sourcecode.swift; path = ProductScrollExampleTests.swift; sourceTree = "<group>"; };
		3A71C1062647138C00D4CC64 /* Info.plist */ = {isa = PBXFileReference; lastKnownFileType = text.plist.xml; path = Info.plist; sourceTree = "<group>"; };
		3A71C10B2647138C00D4CC64 /* ProductScrollExampleUITests.xctest */ = {isa = PBXFileReference; explicitFileType = wrapper.cfbundle; includeInIndex = 0; path = ProductScrollExampleUITests.xctest; sourceTree = BUILT_PRODUCTS_DIR; };
		3A71C10F2647138C00D4CC64 /* ProductScrollExampleUITests.swift */ = {isa = PBXFileReference; lastKnownFileType = sourcecode.swift; path = ProductScrollExampleUITests.swift; sourceTree = "<group>"; };
		3A71C1112647138C00D4CC64 /* Info.plist */ = {isa = PBXFileReference; lastKnownFileType = text.plist.xml; path = Info.plist; sourceTree = "<group>"; };
		3A71C11D26471D6000D4CC64 /* ProductScroll.swift */ = {isa = PBXFileReference; lastKnownFileType = sourcecode.swift; path = ProductScroll.swift; sourceTree = "<group>"; };
		3A71C1232647488E00D4CC64 /* ProductScrollItem.swift */ = {isa = PBXFileReference; lastKnownFileType = sourcecode.swift; path = ProductScrollItem.swift; sourceTree = "<group>"; };
/* End PBXFileReference section */

/* Begin PBXFrameworksBuildPhase section */
		3A71C0EC2647138B00D4CC64 /* Frameworks */ = {
			isa = PBXFrameworksBuildPhase;
			buildActionMask = 2147483647;
			files = (
			);
			runOnlyForDeploymentPostprocessing = 0;
		};
		3A71C0FD2647138C00D4CC64 /* Frameworks */ = {
			isa = PBXFrameworksBuildPhase;
			buildActionMask = 2147483647;
			files = (
			);
			runOnlyForDeploymentPostprocessing = 0;
		};
		3A71C1082647138C00D4CC64 /* Frameworks */ = {
			isa = PBXFrameworksBuildPhase;
			buildActionMask = 2147483647;
			files = (
			);
			runOnlyForDeploymentPostprocessing = 0;
		};
/* End PBXFrameworksBuildPhase section */

/* Begin PBXGroup section */
		3A71C0E62647138B00D4CC64 = {
			isa = PBXGroup;
			children = (
				3A71C0F12647138B00D4CC64 /* ProductScrollExample */,
				3A71C1032647138C00D4CC64 /* ProductScrollExampleTests */,
				3A71C10E2647138C00D4CC64 /* ProductScrollExampleUITests */,
				3A71C0F02647138B00D4CC64 /* Products */,
			);
			sourceTree = "<group>";
		};
		3A71C0F02647138B00D4CC64 /* Products */ = {
			isa = PBXGroup;
			children = (
				3A71C0EF2647138B00D4CC64 /* ProductScrollExample.app */,
				3A71C1002647138C00D4CC64 /* ProductScrollExampleTests.xctest */,
				3A71C10B2647138C00D4CC64 /* ProductScrollExampleUITests.xctest */,
			);
			name = Products;
			sourceTree = "<group>";
		};
		3A71C0F12647138B00D4CC64 /* ProductScrollExample */ = {
			isa = PBXGroup;
			children = (
				3A71C0F22647138B00D4CC64 /* ProductScrollExampleApp.swift */,
				3A71C0F42647138B00D4CC64 /* ContentView.swift */,
				3A71C11D26471D6000D4CC64 /* ProductScroll.swift */,
				3A71C1232647488E00D4CC64 /* ProductScrollItem.swift */,
				3A71C0F62647138C00D4CC64 /* Assets.xcassets */,
				3A71C0FB2647138C00D4CC64 /* Info.plist */,
				3A71C0F82647138C00D4CC64 /* Preview Content */,
			);
			path = ProductScrollExample;
			sourceTree = "<group>";
		};
		3A71C0F82647138C00D4CC64 /* Preview Content */ = {
			isa = PBXGroup;
			children = (
				3A71C0F92647138C00D4CC64 /* Preview Assets.xcassets */,
			);
			path = "Preview Content";
			sourceTree = "<group>";
		};
		3A71C1032647138C00D4CC64 /* ProductScrollExampleTests */ = {
			isa = PBXGroup;
			children = (
				3A71C1042647138C00D4CC64 /* ProductScrollExampleTests.swift */,
				3A71C1062647138C00D4CC64 /* Info.plist */,
			);
			path = ProductScrollExampleTests;
			sourceTree = "<group>";
		};
		3A71C10E2647138C00D4CC64 /* ProductScrollExampleUITests */ = {
			isa = PBXGroup;
			children = (
				3A71C10F2647138C00D4CC64 /* ProductScrollExampleUITests.swift */,
				3A71C1112647138C00D4CC64 /* Info.plist */,
			);
			path = ProductScrollExampleUITests;
			sourceTree = "<group>";
		};
/* End PBXGroup section */

/* Begin PBXNativeTarget section */
		3A71C0EE2647138B00D4CC64 /* ProductScrollExample */ = {
			isa = PBXNativeTarget;
			buildConfigurationList = 3A71C1142647138C00D4CC64 /* Build configuration list for PBXNativeTarget "ProductScrollExample" */;
			buildPhases = (
				3A71C0EB2647138B00D4CC64 /* Sources */,
				3A71C0EC2647138B00D4CC64 /* Frameworks */,
				3A71C0ED2647138B00D4CC64 /* Resources */,
			);
			buildRules = (
			);
			dependencies = (
			);
			name = ProductScrollExample;
			productName = ProductScrollExample;
			productReference = 3A71C0EF2647138B00D4CC64 /* ProductScrollExample.app */;
			productType = "com.apple.product-type.application";
		};
		3A71C0FF2647138C00D4CC64 /* ProductScrollExampleTests */ = {
			isa = PBXNativeTarget;
			buildConfigurationList = 3A71C1172647138C00D4CC64 /* Build configuration list for PBXNativeTarget "ProductScrollExampleTests" */;
			buildPhases = (
				3A71C0FC2647138C00D4CC64 /* Sources */,
				3A71C0FD2647138C00D4CC64 /* Frameworks */,
				3A71C0FE2647138C00D4CC64 /* Resources */,
			);
			buildRules = (
			);
			dependencies = (
				3A71C1022647138C00D4CC64 /* PBXTargetDependency */,
			);
			name = ProductScrollExampleTests;
			productName = ProductScrollExampleTests;
			productReference = 3A71C1002647138C00D4CC64 /* ProductScrollExampleTests.xctest */;
			productType = "com.apple.product-type.bundle.unit-test";
		};
		3A71C10A2647138C00D4CC64 /* ProductScrollExampleUITests */ = {
			isa = PBXNativeTarget;
			buildConfigurationList = 3A71C11A2647138C00D4CC64 /* Build configuration list for PBXNativeTarget "ProductScrollExampleUITests" */;
			buildPhases = (
				3A71C1072647138C00D4CC64 /* Sources */,
				3A71C1082647138C00D4CC64 /* Frameworks */,
				3A71C1092647138C00D4CC64 /* Resources */,
			);
			buildRules = (
			);
			dependencies = (
				3A71C10D2647138C00D4CC64 /* PBXTargetDependency */,
			);
			name = ProductScrollExampleUITests;
			productName = ProductScrollExampleUITests;
			productReference = 3A71C10B2647138C00D4CC64 /* ProductScrollExampleUITests.xctest */;
			productType = "com.apple.product-type.bundle.ui-testing";
		};
/* End PBXNativeTarget section */

/* Begin PBXProject section */
		3A71C0E72647138B00D4CC64 /* Project object */ = {
			isa = PBXProject;
			attributes = {
				LastSwiftUpdateCheck = 1250;
				LastUpgradeCheck = 1250;
				TargetAttributes = {
					3A71C0EE2647138B00D4CC64 = {
						CreatedOnToolsVersion = 12.5;
					};
					3A71C0FF2647138C00D4CC64 = {
						CreatedOnToolsVersion = 12.5;
						TestTargetID = 3A71C0EE2647138B00D4CC64;
					};
					3A71C10A2647138C00D4CC64 = {
						CreatedOnToolsVersion = 12.5;
						TestTargetID = 3A71C0EE2647138B00D4CC64;
					};
				};
			};
			buildConfigurationList = 3A71C0EA2647138B00D4CC64 /* Build configuration list for PBXProject "ProductScrollExample" */;
			compatibilityVersion = "Xcode 9.3";
			developmentRegion = en;
			hasScannedForEncodings = 0;
			knownRegions = (
				en,
				Base,
			);
			mainGroup = 3A71C0E62647138B00D4CC64;
			productRefGroup = 3A71C0F02647138B00D4CC64 /* Products */;
			projectDirPath = "";
			projectRoot = "";
			targets = (
				3A71C0EE2647138B00D4CC64 /* ProductScrollExample */,
				3A71C0FF2647138C00D4CC64 /* ProductScrollExampleTests */,
				3A71C10A2647138C00D4CC64 /* ProductScrollExampleUITests */,
			);
		};
/* End PBXProject section */

/* Begin PBXResourcesBuildPhase section */
		3A71C0ED2647138B00D4CC64 /* Resources */ = {
			isa = PBXResourcesBuildPhase;
			buildActionMask = 2147483647;
			files = (
				3A71C0FA2647138C00D4CC64 /* Preview Assets.xcassets in Resources */,
				3A71C0F72647138C00D4CC64 /* Assets.xcassets in Resources */,
			);
			runOnlyForDeploymentPostprocessing = 0;
		};
		3A71C0FE2647138C00D4CC64 /* Resources */ = {
			isa = PBXResourcesBuildPhase;
			buildActionMask = 2147483647;
			files = (
			);
			runOnlyForDeploymentPostprocessing = 0;
		};
		3A71C1092647138C00D4CC64 /* Resources */ = {
			isa = PBXResourcesBuildPhase;
			buildActionMask = 2147483647;
			files = (
			);
			runOnlyForDeploymentPostprocessing = 0;
		};
/* End PBXResourcesBuildPhase section */

/* Begin PBXSourcesBuildPhase section */
		3A71C0EB2647138B00D4CC64 /* Sources */ = {
			isa = PBXSourcesBuildPhase;
			buildActionMask = 2147483647;
			files = (
				3A71C11E26471D6000D4CC64 /* ProductScroll.swift in Sources */,
				3A71C1242647488E00D4CC64 /* ProductScrollItem.swift in Sources */,
				3A71C0F52647138B00D4CC64 /* ContentView.swift in Sources */,
				3A71C0F32647138B00D4CC64 /* ProductScrollExampleApp.swift in Sources */,
			);
			runOnlyForDeploymentPostprocessing = 0;
		};
		3A71C0FC2647138C00D4CC64 /* Sources */ = {
			isa = PBXSourcesBuildPhase;
			buildActionMask = 2147483647;
			files = (
				3A71C1052647138C00D4CC64 /* ProductScrollExampleTests.swift in Sources */,
			);
			runOnlyForDeploymentPostprocessing = 0;
		};
		3A71C1072647138C00D4CC64 /* Sources */ = {
			isa = PBXSourcesBuildPhase;
			buildActionMask = 2147483647;
			files = (
				3A71C1102647138C00D4CC64 /* ProductScrollExampleUITests.swift in Sources */,
			);
			runOnlyForDeploymentPostprocessing = 0;
		};
/* End PBXSourcesBuildPhase section */

/* Begin PBXTargetDependency section */
		3A71C1022647138C00D4CC64 /* PBXTargetDependency */ = {
			isa = PBXTargetDependency;
			target = 3A71C0EE2647138B00D4CC64 /* ProductScrollExample */;
			targetProxy = 3A71C1012647138C00D4CC64 /* PBXContainerItemProxy */;
		};
		3A71C10D2647138C00D4CC64 /* PBXTargetDependency */ = {
			isa = PBXTargetDependency;
			target = 3A71C0EE2647138B00D4CC64 /* ProductScrollExample */;
			targetProxy = 3A71C10C2647138C00D4CC64 /* PBXContainerItemProxy */;
		};
/* End PBXTargetDependency section */

/* Begin XCBuildConfiguration section */
		3A71C1122647138C00D4CC64 /* Debug */ = {
			isa = XCBuildConfiguration;
			buildSettings = {
				ALWAYS_SEARCH_USER_PATHS = NO;
				CLANG_ANALYZER_NONNULL = YES;
				CLANG_ANALYZER_NUMBER_OBJECT_CONVERSION = YES_AGGRESSIVE;
				CLANG_CXX_LANGUAGE_STANDARD = "gnu++14";
				CLANG_CXX_LIBRARY = "libc++";
				CLANG_ENABLE_MODULES = YES;
				CLANG_ENABLE_OBJC_ARC = YES;
				CLANG_ENABLE_OBJC_WEAK = YES;
				CLANG_WARN_BLOCK_CAPTURE_AUTORELEASING = YES;
				CLANG_WARN_BOOL_CONVERSION = YES;
				CLANG_WARN_COMMA = YES;
				CLANG_WARN_CONSTANT_CONVERSION = YES;
				CLANG_WARN_DEPRECATED_OBJC_IMPLEMENTATIONS = YES;
				CLANG_WARN_DIRECT_OBJC_ISA_USAGE = YES_ERROR;
				CLANG_WARN_DOCUMENTATION_COMMENTS = YES;
				CLANG_WARN_EMPTY_BODY = YES;
				CLANG_WARN_ENUM_CONVERSION = YES;
				CLANG_WARN_INFINITE_RECURSION = YES;
				CLANG_WARN_INT_CONVERSION = YES;
				CLANG_WARN_NON_LITERAL_NULL_CONVERSION = YES;
				CLANG_WARN_OBJC_IMPLICIT_RETAIN_SELF = YES;
				CLANG_WARN_OBJC_LITERAL_CONVERSION = YES;
				CLANG_WARN_OBJC_ROOT_CLASS = YES_ERROR;
				CLANG_WARN_QUOTED_INCLUDE_IN_FRAMEWORK_HEADER = YES;
				CLANG_WARN_RANGE_LOOP_ANALYSIS = YES;
				CLANG_WARN_STRICT_PROTOTYPES = YES;
				CLANG_WARN_SUSPICIOUS_MOVE = YES;
				CLANG_WARN_UNGUARDED_AVAILABILITY = YES_AGGRESSIVE;
				CLANG_WARN_UNREACHABLE_CODE = YES;
				CLANG_WARN__DUPLICATE_METHOD_MATCH = YES;
				COPY_PHASE_STRIP = NO;
				DEBUG_INFORMATION_FORMAT = dwarf;
				ENABLE_STRICT_OBJC_MSGSEND = YES;
				ENABLE_TESTABILITY = YES;
				GCC_C_LANGUAGE_STANDARD = gnu11;
				GCC_DYNAMIC_NO_PIC = NO;
				GCC_NO_COMMON_BLOCKS = YES;
				GCC_OPTIMIZATION_LEVEL = 0;
				GCC_PREPROCESSOR_DEFINITIONS = (
					"DEBUG=1",
					"$(inherited)",
				);
				GCC_WARN_64_TO_32_BIT_CONVERSION = YES;
				GCC_WARN_ABOUT_RETURN_TYPE = YES_ERROR;
				GCC_WARN_UNDECLARED_SELECTOR = YES;
				GCC_WARN_UNINITIALIZED_AUTOS = YES_AGGRESSIVE;
				GCC_WARN_UNUSED_FUNCTION = YES;
				GCC_WARN_UNUSED_VARIABLE = YES;
				IPHONEOS_DEPLOYMENT_TARGET = 14.5;
				MTL_ENABLE_DEBUG_INFO = INCLUDE_SOURCE;
				MTL_FAST_MATH = YES;
				ONLY_ACTIVE_ARCH = YES;
				SDKROOT = iphoneos;
				SWIFT_ACTIVE_COMPILATION_CONDITIONS = DEBUG;
				SWIFT_OPTIMIZATION_LEVEL = "-Onone";
			};
			name = Debug;
		};
		3A71C1132647138C00D4CC64 /* Release */ = {
			isa = XCBuildConfiguration;
			buildSettings = {
				ALWAYS_SEARCH_USER_PATHS = NO;
				CLANG_ANALYZER_NONNULL = YES;
				CLANG_ANALYZER_NUMBER_OBJECT_CONVERSION = YES_AGGRESSIVE;
				CLANG_CXX_LANGUAGE_STANDARD = "gnu++14";
				CLANG_CXX_LIBRARY = "libc++";
				CLANG_ENABLE_MODULES = YES;
				CLANG_ENABLE_OBJC_ARC = YES;
				CLANG_ENABLE_OBJC_WEAK = YES;
				CLANG_WARN_BLOCK_CAPTURE_AUTORELEASING = YES;
				CLANG_WARN_BOOL_CONVERSION = YES;
				CLANG_WARN_COMMA = YES;
				CLANG_WARN_CONSTANT_CONVERSION = YES;
				CLANG_WARN_DEPRECATED_OBJC_IMPLEMENTATIONS = YES;
				CLANG_WARN_DIRECT_OBJC_ISA_USAGE = YES_ERROR;
				CLANG_WARN_DOCUMENTATION_COMMENTS = YES;
				CLANG_WARN_EMPTY_BODY = YES;
				CLANG_WARN_ENUM_CONVERSION = YES;
				CLANG_WARN_INFINITE_RECURSION = YES;
				CLANG_WARN_INT_CONVERSION = YES;
				CLANG_WARN_NON_LITERAL_NULL_CONVERSION = YES;
				CLANG_WARN_OBJC_IMPLICIT_RETAIN_SELF = YES;
				CLANG_WARN_OBJC_LITERAL_CONVERSION = YES;
				CLANG_WARN_OBJC_ROOT_CLASS = YES_ERROR;
				CLANG_WARN_QUOTED_INCLUDE_IN_FRAMEWORK_HEADER = YES;
				CLANG_WARN_RANGE_LOOP_ANALYSIS = YES;
				CLANG_WARN_STRICT_PROTOTYPES = YES;
				CLANG_WARN_SUSPICIOUS_MOVE = YES;
				CLANG_WARN_UNGUARDED_AVAILABILITY = YES_AGGRESSIVE;
				CLANG_WARN_UNREACHABLE_CODE = YES;
				CLANG_WARN__DUPLICATE_METHOD_MATCH = YES;
				COPY_PHASE_STRIP = NO;
				DEBUG_INFORMATION_FORMAT = "dwarf-with-dsym";
				ENABLE_NS_ASSERTIONS = NO;
				ENABLE_STRICT_OBJC_MSGSEND = YES;
				GCC_C_LANGUAGE_STANDARD = gnu11;
				GCC_NO_COMMON_BLOCKS = YES;
				GCC_WARN_64_TO_32_BIT_CONVERSION = YES;
				GCC_WARN_ABOUT_RETURN_TYPE = YES_ERROR;
				GCC_WARN_UNDECLARED_SELECTOR = YES;
				GCC_WARN_UNINITIALIZED_AUTOS = YES_AGGRESSIVE;
				GCC_WARN_UNUSED_FUNCTION = YES;
				GCC_WARN_UNUSED_VARIABLE = YES;
				IPHONEOS_DEPLOYMENT_TARGET = 14.5;
				MTL_ENABLE_DEBUG_INFO = NO;
				MTL_FAST_MATH = YES;
				SDKROOT = iphoneos;
				SWIFT_COMPILATION_MODE = wholemodule;
				SWIFT_OPTIMIZATION_LEVEL = "-O";
				VALIDATE_PRODUCT = YES;
			};
			name = Release;
		};
		3A71C1152647138C00D4CC64 /* Debug */ = {
			isa = XCBuildConfiguration;
			buildSettings = {
				ASSETCATALOG_COMPILER_APPICON_NAME = AppIcon;
				ASSETCATALOG_COMPILER_GLOBAL_ACCENT_COLOR_NAME = AccentColor;
				CODE_SIGN_STYLE = Automatic;
				DEVELOPMENT_ASSET_PATHS = "\"ProductScrollExample/Preview Content\"";
				DEVELOPMENT_TEAM = PD7TUZC2FU;
				ENABLE_PREVIEWS = YES;
				INFOPLIST_FILE = ProductScrollExample/Info.plist;
				IPHONEOS_DEPLOYMENT_TARGET = 14.0;
				LD_RUNPATH_SEARCH_PATHS = (
					"$(inherited)",
					"@executable_path/Frameworks",
				);
				PRODUCT_BUNDLE_IDENTIFIER = com.joeshonm.ProductScrollExample;
				PRODUCT_NAME = "$(TARGET_NAME)";
				SWIFT_VERSION = 5.0;
				TARGETED_DEVICE_FAMILY = "1,2";
			};
			name = Debug;
		};
		3A71C1162647138C00D4CC64 /* Release */ = {
			isa = XCBuildConfiguration;
			buildSettings = {
				ASSETCATALOG_COMPILER_APPICON_NAME = AppIcon;
				ASSETCATALOG_COMPILER_GLOBAL_ACCENT_COLOR_NAME = AccentColor;
				CODE_SIGN_STYLE = Automatic;
				DEVELOPMENT_ASSET_PATHS = "\"ProductScrollExample/Preview Content\"";
				DEVELOPMENT_TEAM = PD7TUZC2FU;
				ENABLE_PREVIEWS = YES;
				INFOPLIST_FILE = ProductScrollExample/Info.plist;
				IPHONEOS_DEPLOYMENT_TARGET = 14.0;
				LD_RUNPATH_SEARCH_PATHS = (
					"$(inherited)",
					"@executable_path/Frameworks",
				);
				PRODUCT_BUNDLE_IDENTIFIER = com.joeshonm.ProductScrollExample;
				PRODUCT_NAME = "$(TARGET_NAME)";
				SWIFT_VERSION = 5.0;
				TARGETED_DEVICE_FAMILY = "1,2";
			};
			name = Release;
		};
		3A71C1182647138C00D4CC64 /* Debug */ = {
			isa = XCBuildConfiguration;
			buildSettings = {
				ALWAYS_EMBED_SWIFT_STANDARD_LIBRARIES = YES;
				BUNDLE_LOADER = "$(TEST_HOST)";
				CODE_SIGN_STYLE = Automatic;
				DEVELOPMENT_TEAM = PD7TUZC2FU;
				INFOPLIST_FILE = ProductScrollExampleTests/Info.plist;
				IPHONEOS_DEPLOYMENT_TARGET = 14.0;
				LD_RUNPATH_SEARCH_PATHS = (
					"$(inherited)",
					"@executable_path/Frameworks",
					"@loader_path/Frameworks",
				);
				PRODUCT_BUNDLE_IDENTIFIER = com.joeshonm.ProductScrollExampleTests;
				PRODUCT_NAME = "$(TARGET_NAME)";
				SWIFT_VERSION = 5.0;
				TARGETED_DEVICE_FAMILY = "1,2";
				TEST_HOST = "$(BUILT_PRODUCTS_DIR)/ProductScrollExample.app/ProductScrollExample";
			};
			name = Debug;
		};
		3A71C1192647138C00D4CC64 /* Release */ = {
			isa = XCBuildConfiguration;
			buildSettings = {
				ALWAYS_EMBED_SWIFT_STANDARD_LIBRARIES = YES;
				BUNDLE_LOADER = "$(TEST_HOST)";
				CODE_SIGN_STYLE = Automatic;
				DEVELOPMENT_TEAM = PD7TUZC2FU;
				INFOPLIST_FILE = ProductScrollExampleTests/Info.plist;
				IPHONEOS_DEPLOYMENT_TARGET = 14.0;
				LD_RUNPATH_SEARCH_PATHS = (
					"$(inherited)",
					"@executable_path/Frameworks",
					"@loader_path/Frameworks",
				);
				PRODUCT_BUNDLE_IDENTIFIER = com.joeshonm.ProductScrollExampleTests;
				PRODUCT_NAME = "$(TARGET_NAME)";
				SWIFT_VERSION = 5.0;
				TARGETED_DEVICE_FAMILY = "1,2";
				TEST_HOST = "$(BUILT_PRODUCTS_DIR)/ProductScrollExample.app/ProductScrollExample";
			};
			name = Release;
		};
		3A71C11B2647138C00D4CC64 /* Debug */ = {
			isa = XCBuildConfiguration;
			buildSettings = {
				ALWAYS_EMBED_SWIFT_STANDARD_LIBRARIES = YES;
				CODE_SIGN_STYLE = Automatic;
				DEVELOPMENT_TEAM = PD7TUZC2FU;
				INFOPLIST_FILE = ProductScrollExampleUITests/Info.plist;
				LD_RUNPATH_SEARCH_PATHS = (
					"$(inherited)",
					"@executable_path/Frameworks",
					"@loader_path/Frameworks",
				);
				PRODUCT_BUNDLE_IDENTIFIER = com.joeshonm.ProductScrollExampleUITests;
				PRODUCT_NAME = "$(TARGET_NAME)";
				SWIFT_VERSION = 5.0;
				TARGETED_DEVICE_FAMILY = "1,2";
				TEST_TARGET_NAME = ProductScrollExample;
			};
			name = Debug;
		};
		3A71C11C2647138C00D4CC64 /* Release */ = {
			isa = XCBuildConfiguration;
			buildSettings = {
				ALWAYS_EMBED_SWIFT_STANDARD_LIBRARIES = YES;
				CODE_SIGN_STYLE = Automatic;
				DEVELOPMENT_TEAM = PD7TUZC2FU;
				INFOPLIST_FILE = ProductScrollExampleUITests/Info.plist;
				LD_RUNPATH_SEARCH_PATHS = (
					"$(inherited)",
					"@executable_path/Frameworks",
					"@loader_path/Frameworks",
				);
				PRODUCT_BUNDLE_IDENTIFIER = com.joeshonm.ProductScrollExampleUITests;
				PRODUCT_NAME = "$(TARGET_NAME)";
				SWIFT_VERSION = 5.0;
				TARGETED_DEVICE_FAMILY = "1,2";
				TEST_TARGET_NAME = ProductScrollExample;
			};
			name = Release;
		};
/* End XCBuildConfiguration section */

/* Begin XCConfigurationList section */
		3A71C0EA2647138B00D4CC64 /* Build configuration list for PBXProject "ProductScrollExample" */ = {
			isa = XCConfigurationList;
			buildConfigurations = (
				3A71C1122647138C00D4CC64 /* Debug */,
				3A71C1132647138C00D4CC64 /* Release */,
			);
			defaultConfigurationIsVisible = 0;
			defaultConfigurationName = Release;
		};
		3A71C1142647138C00D4CC64 /* Build configuration list for PBXNativeTarget "ProductScrollExample" */ = {
			isa = XCConfigurationList;
			buildConfigurations = (
				3A71C1152647138C00D4CC64 /* Debug */,
				3A71C1162647138C00D4CC64 /* Release */,
			);
			defaultConfigurationIsVisible = 0;
			defaultConfigurationName = Release;
		};
		3A71C1172647138C00D4CC64 /* Build configuration list for PBXNativeTarget "ProductScrollExampleTests" */ = {
			isa = XCConfigurationList;
			buildConfigurations = (
				3A71C1182647138C00D4CC64 /* Debug */,
				3A71C1192647138C00D4CC64 /* Release */,
			);
			defaultConfigurationIsVisible = 0;
			defaultConfigurationName = Release;
		};
		3A71C11A2647138C00D4CC64 /* Build configuration list for PBXNativeTarget "ProductScrollExampleUITests" */ = {
			isa = XCConfigurationList;
			buildConfigurations = (
				3A71C11B2647138C00D4CC64 /* Debug */,
				3A71C11C2647138C00D4CC64 /* Release */,
			);
			defaultConfigurationIsVisible = 0;
			defaultConfigurationName = Release;
		};
/* End XCConfigurationList section */
	};
	rootObject = 3A71C0E72647138B00D4CC64 /* Project object */;
}
